// !$*UTF8*$!
{
	archiveVersion = 1;
	classes = {
	};
	objectVersion = 50;
	objects = {

/* Begin PBXBuildFile section */
		A45CF14C242CD3490053956F /* VideoPlayerView.swift in Sources */ = {isa = PBXBuildFile; fileRef = A45CF14B242CD3490053956F /* VideoPlayerView.swift */; };
		A45CF14E242CD3EA0053956F /* VideoExperienceView.swift in Sources */ = {isa = PBXBuildFile; fileRef = A45CF14D242CD3EA0053956F /* VideoExperienceView.swift */; };
		A4B5B9EA2428CF37002147CA /* AppDelegate.swift in Sources */ = {isa = PBXBuildFile; fileRef = A4B5B9E92428CF37002147CA /* AppDelegate.swift */; };
		A4B5B9EC2428CF37002147CA /* SceneDelegate.swift in Sources */ = {isa = PBXBuildFile; fileRef = A4B5B9EB2428CF37002147CA /* SceneDelegate.swift */; };
		A4B5B9F32428CF39002147CA /* Assets.xcassets in Resources */ = {isa = PBXBuildFile; fileRef = A4B5B9F22428CF39002147CA /* Assets.xcassets */; };
		A4B5B9F62428CF39002147CA /* LaunchScreen.storyboard in Resources */ = {isa = PBXBuildFile; fileRef = A4B5B9F42428CF39002147CA /* LaunchScreen.storyboard */; };
		A4B5B9FE2428D07F002147CA /* WarningController.swift in Sources */ = {isa = PBXBuildFile; fileRef = A4B5B9FD2428D07F002147CA /* WarningController.swift */; };
		A4B5BA002428D403002147CA /* MainController.swift in Sources */ = {isa = PBXBuildFile; fileRef = A4B5B9FF2428D403002147CA /* MainController.swift */; };
		A4B5BA022428DA0F002147CA /* CardCell.swift in Sources */ = {isa = PBXBuildFile; fileRef = A4B5BA012428DA0F002147CA /* CardCell.swift */; };
		A4B5BA042428DA27002147CA /* BaseCell.swift in Sources */ = {isa = PBXBuildFile; fileRef = A4B5BA032428DA27002147CA /* BaseCell.swift */; };
		A4B5BA062428E22B002147CA /* ExperienceController.swift in Sources */ = {isa = PBXBuildFile; fileRef = A4B5BA052428E22B002147CA /* ExperienceController.swift */; };
		D7142EA2242E255B00DE61F4 /* Extension.swift in Sources */ = {isa = PBXBuildFile; fileRef = D7142EA1242E255B00DE61F4 /* Extension.swift */; };
		D7589415242B4DE300166F3B /* BaseView.swift in Sources */ = {isa = PBXBuildFile; fileRef = D7589414242B4DE300166F3B /* BaseView.swift */; };
		D7589417242B4E6D00166F3B /* MainView.swift in Sources */ = {isa = PBXBuildFile; fileRef = D7589416242B4E6D00166F3B /* MainView.swift */; };
		D7589419242B4F3600166F3B /* Constant.swift in Sources */ = {isa = PBXBuildFile; fileRef = D7589418242B4F3600166F3B /* Constant.swift */; };
		D77137BB242B5A2100071698 /* WarningProceedDelegate.swift in Sources */ = {isa = PBXBuildFile; fileRef = D77137BA242B5A2100071698 /* WarningProceedDelegate.swift */; };
		D77137BD242B5F8400071698 /* Utils.swift in Sources */ = {isa = PBXBuildFile; fileRef = D77137BC242B5F8400071698 /* Utils.swift */; };
		D77137C5242B713D00071698 /* WarningView.swift in Sources */ = {isa = PBXBuildFile; fileRef = D77137C4242B713D00071698 /* WarningView.swift */; };
		D79D1520242CA46600C5E1C1 /* FearExperienceModel.swift in Sources */ = {isa = PBXBuildFile; fileRef = D79D151F242CA46600C5E1C1 /* FearExperienceModel.swift */; };
		D79D1522242CAC5A00C5E1C1 /* FearExperience.json in Resources */ = {isa = PBXBuildFile; fileRef = D79D1521242CAC5A00C5E1C1 /* FearExperience.json */; };
		D79D152A242CACE800C5E1C1 /* AmygdalaTests.swift in Sources */ = {isa = PBXBuildFile; fileRef = D79D1529242CACE800C5E1C1 /* AmygdalaTests.swift */; };
/* End PBXBuildFile section */

/* Begin PBXContainerItemProxy section */
		D79D152C242CACE800C5E1C1 /* PBXContainerItemProxy */ = {
			isa = PBXContainerItemProxy;
			containerPortal = A4B5B9DE2428CF37002147CA /* Project object */;
			proxyType = 1;
			remoteGlobalIDString = A4B5B9E52428CF37002147CA;
			remoteInfo = FearExperience;
		};
/* End PBXContainerItemProxy section */

/* Begin PBXFileReference section */
		A45CF14B242CD3490053956F /* VideoPlayerView.swift */ = {isa = PBXFileReference; lastKnownFileType = sourcecode.swift; path = VideoPlayerView.swift; sourceTree = "<group>"; };
		A45CF14D242CD3EA0053956F /* VideoExperienceView.swift */ = {isa = PBXFileReference; lastKnownFileType = sourcecode.swift; path = VideoExperienceView.swift; sourceTree = "<group>"; };
		A4B5B9E62428CF37002147CA /* Amygdala.app */ = {isa = PBXFileReference; explicitFileType = wrapper.application; includeInIndex = 0; path = Amygdala.app; sourceTree = BUILT_PRODUCTS_DIR; };
		A4B5B9E92428CF37002147CA /* AppDelegate.swift */ = {isa = PBXFileReference; lastKnownFileType = sourcecode.swift; path = AppDelegate.swift; sourceTree = "<group>"; };
		A4B5B9EB2428CF37002147CA /* SceneDelegate.swift */ = {isa = PBXFileReference; lastKnownFileType = sourcecode.swift; path = SceneDelegate.swift; sourceTree = "<group>"; };
		A4B5B9F22428CF39002147CA /* Assets.xcassets */ = {isa = PBXFileReference; lastKnownFileType = folder.assetcatalog; path = Assets.xcassets; sourceTree = "<group>"; };
		A4B5B9F52428CF39002147CA /* Base */ = {isa = PBXFileReference; lastKnownFileType = file.storyboard; name = Base; path = Base.lproj/LaunchScreen.storyboard; sourceTree = "<group>"; };
		A4B5B9F72428CF39002147CA /* Info.plist */ = {isa = PBXFileReference; lastKnownFileType = text.plist.xml; path = Info.plist; sourceTree = "<group>"; };
		A4B5B9FD2428D07F002147CA /* WarningController.swift */ = {isa = PBXFileReference; lastKnownFileType = sourcecode.swift; path = WarningController.swift; sourceTree = "<group>"; };
		A4B5B9FF2428D403002147CA /* MainController.swift */ = {isa = PBXFileReference; lastKnownFileType = sourcecode.swift; path = MainController.swift; sourceTree = "<group>"; };
		A4B5BA012428DA0F002147CA /* CardCell.swift */ = {isa = PBXFileReference; lastKnownFileType = sourcecode.swift; path = CardCell.swift; sourceTree = "<group>"; };
		A4B5BA032428DA27002147CA /* BaseCell.swift */ = {isa = PBXFileReference; lastKnownFileType = sourcecode.swift; path = BaseCell.swift; sourceTree = "<group>"; };
		A4B5BA052428E22B002147CA /* ExperienceController.swift */ = {isa = PBXFileReference; lastKnownFileType = sourcecode.swift; path = ExperienceController.swift; sourceTree = "<group>"; };
		D7142EA1242E255B00DE61F4 /* Extension.swift */ = {isa = PBXFileReference; lastKnownFileType = sourcecode.swift; path = Extension.swift; sourceTree = "<group>"; };
		D7589414242B4DE300166F3B /* BaseView.swift */ = {isa = PBXFileReference; lastKnownFileType = sourcecode.swift; path = BaseView.swift; sourceTree = "<group>"; };
		D7589416242B4E6D00166F3B /* MainView.swift */ = {isa = PBXFileReference; lastKnownFileType = sourcecode.swift; path = MainView.swift; sourceTree = "<group>"; };
		D7589418242B4F3600166F3B /* Constant.swift */ = {isa = PBXFileReference; lastKnownFileType = sourcecode.swift; path = Constant.swift; sourceTree = "<group>"; };
		D77137BA242B5A2100071698 /* WarningProceedDelegate.swift */ = {isa = PBXFileReference; lastKnownFileType = sourcecode.swift; path = WarningProceedDelegate.swift; sourceTree = "<group>"; };
		D77137BC242B5F8400071698 /* Utils.swift */ = {isa = PBXFileReference; lastKnownFileType = sourcecode.swift; path = Utils.swift; sourceTree = "<group>"; };
		D77137C4242B713D00071698 /* WarningView.swift */ = {isa = PBXFileReference; lastKnownFileType = sourcecode.swift; path = WarningView.swift; sourceTree = "<group>"; };
		D79D151F242CA46600C5E1C1 /* FearExperienceModel.swift */ = {isa = PBXFileReference; lastKnownFileType = sourcecode.swift; path = FearExperienceModel.swift; sourceTree = "<group>"; };
		D79D1521242CAC5A00C5E1C1 /* FearExperience.json */ = {isa = PBXFileReference; fileEncoding = 4; lastKnownFileType = text.json; path = FearExperience.json; sourceTree = "<group>"; };
		D79D1527242CACE800C5E1C1 /* AmygdalaTests.xctest */ = {isa = PBXFileReference; explicitFileType = wrapper.cfbundle; includeInIndex = 0; path = AmygdalaTests.xctest; sourceTree = BUILT_PRODUCTS_DIR; };
		D79D1529242CACE800C5E1C1 /* AmygdalaTests.swift */ = {isa = PBXFileReference; lastKnownFileType = sourcecode.swift; path = AmygdalaTests.swift; sourceTree = "<group>"; };
		D79D152B242CACE800C5E1C1 /* Info.plist */ = {isa = PBXFileReference; lastKnownFileType = text.plist.xml; path = Info.plist; sourceTree = "<group>"; };
/* End PBXFileReference section */

/* Begin PBXFrameworksBuildPhase section */
		A4B5B9E32428CF37002147CA /* Frameworks */ = {
			isa = PBXFrameworksBuildPhase;
			buildActionMask = 2147483647;
			files = (
			);
			runOnlyForDeploymentPostprocessing = 0;
		};
		D79D1524242CACE800C5E1C1 /* Frameworks */ = {
			isa = PBXFrameworksBuildPhase;
			buildActionMask = 2147483647;
			files = (
			);
			runOnlyForDeploymentPostprocessing = 0;
		};
/* End PBXFrameworksBuildPhase section */

/* Begin PBXGroup section */
		A4B5B9DD2428CF37002147CA = {
			isa = PBXGroup;
			children = (
				A4B5B9E82428CF37002147CA /* FearExperience */,
				D79D1528242CACE800C5E1C1 /* AmygdalaTests */,
				A4B5B9E72428CF37002147CA /* Products */,
			);
			sourceTree = "<group>";
		};
		A4B5B9E72428CF37002147CA /* Products */ = {
			isa = PBXGroup;
			children = (
				A4B5B9E62428CF37002147CA /* Amygdala.app */,
				D79D1527242CACE800C5E1C1 /* AmygdalaTests.xctest */,
			);
			name = Products;
			sourceTree = "<group>";
		};
		A4B5B9E82428CF37002147CA /* FearExperience */ = {
			isa = PBXGroup;
			children = (
				A4B5B9E92428CF37002147CA /* AppDelegate.swift */,
				A4B5B9EB2428CF37002147CA /* SceneDelegate.swift */,
				D7589413242A2E6C00166F3B /* Model */,
				D7589412242A2E6500166F3B /* View */,
				D7589411242A2E5F00166F3B /* Controller */,
				D77137C2242B708800071698 /* Delegate */,
				D77137C3242B709200071698 /* Utils */,
				A4B5B9F42428CF39002147CA /* LaunchScreen.storyboard */,
				A4B5B9F22428CF39002147CA /* Assets.xcassets */,
				A4B5B9F72428CF39002147CA /* Info.plist */,
				D79D1521242CAC5A00C5E1C1 /* FearExperience.json */,
			);
			path = FearExperience;
			sourceTree = "<group>";
		};
		D7589411242A2E5F00166F3B /* Controller */ = {
			isa = PBXGroup;
			children = (
				A4B5B9FD2428D07F002147CA /* WarningController.swift */,
				A4B5B9FF2428D403002147CA /* MainController.swift */,
				A4B5BA052428E22B002147CA /* ExperienceController.swift */,
			);
			path = Controller;
			sourceTree = "<group>";
		};
		D7589412242A2E6500166F3B /* View */ = {
			isa = PBXGroup;
			children = (
				D77137C0242B6FF900071698 /* Screen */,
				D77137C1242B700200071698 /* Cell */,
			);
			path = View;
			sourceTree = "<group>";
		};
		D7589413242A2E6C00166F3B /* Model */ = {
			isa = PBXGroup;
			children = (
				D79D151F242CA46600C5E1C1 /* FearExperienceModel.swift */,
			);
			path = Model;
			sourceTree = "<group>";
		};
		D77137C0242B6FF900071698 /* Screen */ = {
			isa = PBXGroup;
			children = (
				D7589414242B4DE300166F3B /* BaseView.swift */,
				D7589416242B4E6D00166F3B /* MainView.swift */,
				D77137C4242B713D00071698 /* WarningView.swift */,
				A45CF14B242CD3490053956F /* VideoPlayerView.swift */,
				A45CF14D242CD3EA0053956F /* VideoExperienceView.swift */,
			);
			path = Screen;
			sourceTree = "<group>";
		};
		D77137C1242B700200071698 /* Cell */ = {
			isa = PBXGroup;
			children = (
				A4B5BA032428DA27002147CA /* BaseCell.swift */,
				A4B5BA012428DA0F002147CA /* CardCell.swift */,
			);
			path = Cell;
			sourceTree = "<group>";
		};
		D77137C2242B708800071698 /* Delegate */ = {
			isa = PBXGroup;
			children = (
				D77137BA242B5A2100071698 /* WarningProceedDelegate.swift */,
			);
			path = Delegate;
			sourceTree = "<group>";
		};
		D77137C3242B709200071698 /* Utils */ = {
			isa = PBXGroup;
			children = (
				D7589418242B4F3600166F3B /* Constant.swift */,
				D77137BC242B5F8400071698 /* Utils.swift */,
				D7142EA1242E255B00DE61F4 /* Extension.swift */,
			);
			path = Utils;
			sourceTree = "<group>";
		};
		D79D1528242CACE800C5E1C1 /* AmygdalaTests */ = {
			isa = PBXGroup;
			children = (
				D79D1529242CACE800C5E1C1 /* AmygdalaTests.swift */,
				D79D152B242CACE800C5E1C1 /* Info.plist */,
			);
			path = AmygdalaTests;
			sourceTree = "<group>";
		};
/* End PBXGroup section */

/* Begin PBXNativeTarget section */
		A4B5B9E52428CF37002147CA /* FearExperience */ = {
			isa = PBXNativeTarget;
			buildConfigurationList = A4B5B9FA2428CF39002147CA /* Build configuration list for PBXNativeTarget "FearExperience" */;
			buildPhases = (
				A4B5B9E22428CF37002147CA /* Sources */,
				A4B5B9E32428CF37002147CA /* Frameworks */,
				A4B5B9E42428CF37002147CA /* Resources */,
			);
			buildRules = (
			);
			dependencies = (
			);
			name = FearExperience;
			productName = FearExperience;
			productReference = A4B5B9E62428CF37002147CA /* Amygdala.app */;
			productType = "com.apple.product-type.application";
		};
		D79D1526242CACE800C5E1C1 /* AmygdalaTests */ = {
			isa = PBXNativeTarget;
			buildConfigurationList = D79D152E242CACE800C5E1C1 /* Build configuration list for PBXNativeTarget "AmygdalaTests" */;
			buildPhases = (
				D79D1523242CACE800C5E1C1 /* Sources */,
				D79D1524242CACE800C5E1C1 /* Frameworks */,
				D79D1525242CACE800C5E1C1 /* Resources */,
			);
			buildRules = (
			);
			dependencies = (
				D79D152D242CACE800C5E1C1 /* PBXTargetDependency */,
			);
			name = AmygdalaTests;
			productName = AmygdalaTests;
			productReference = D79D1527242CACE800C5E1C1 /* AmygdalaTests.xctest */;
			productType = "com.apple.product-type.bundle.unit-test";
		};
/* End PBXNativeTarget section */

/* Begin PBXProject section */
		A4B5B9DE2428CF37002147CA /* Project object */ = {
			isa = PBXProject;
			attributes = {
				LastSwiftUpdateCheck = 1130;
				LastUpgradeCheck = 1130;
				ORGANIZATIONNAME = Untitled;
				TargetAttributes = {
					A4B5B9E52428CF37002147CA = {
						CreatedOnToolsVersion = 11.3.1;
					};
					D79D1526242CACE800C5E1C1 = {
						CreatedOnToolsVersion = 11.3.1;
						TestTargetID = A4B5B9E52428CF37002147CA;
					};
				};
			};
			buildConfigurationList = A4B5B9E12428CF37002147CA /* Build configuration list for PBXProject "FearExperience" */;
			compatibilityVersion = "Xcode 9.3";
			developmentRegion = en;
			hasScannedForEncodings = 0;
			knownRegions = (
				en,
				Base,
			);
			mainGroup = A4B5B9DD2428CF37002147CA;
			productRefGroup = A4B5B9E72428CF37002147CA /* Products */;
			projectDirPath = "";
			projectRoot = "";
			targets = (
				A4B5B9E52428CF37002147CA /* FearExperience */,
				D79D1526242CACE800C5E1C1 /* AmygdalaTests */,
			);
		};
/* End PBXProject section */

/* Begin PBXResourcesBuildPhase section */
		A4B5B9E42428CF37002147CA /* Resources */ = {
			isa = PBXResourcesBuildPhase;
			buildActionMask = 2147483647;
			files = (
				D79D1522242CAC5A00C5E1C1 /* FearExperience.json in Resources */,
				A4B5B9F62428CF39002147CA /* LaunchScreen.storyboard in Resources */,
				A4B5B9F32428CF39002147CA /* Assets.xcassets in Resources */,
			);
			runOnlyForDeploymentPostprocessing = 0;
		};
		D79D1525242CACE800C5E1C1 /* Resources */ = {
			isa = PBXResourcesBuildPhase;
			buildActionMask = 2147483647;
			files = (
			);
			runOnlyForDeploymentPostprocessing = 0;
		};
/* End PBXResourcesBuildPhase section */

/* Begin PBXSourcesBuildPhase section */
		A4B5B9E22428CF37002147CA /* Sources */ = {
			isa = PBXSourcesBuildPhase;
			buildActionMask = 2147483647;
			files = (
				A4B5BA062428E22B002147CA /* ExperienceController.swift in Sources */,
				D77137BB242B5A2100071698 /* WarningProceedDelegate.swift in Sources */,
				D7589417242B4E6D00166F3B /* MainView.swift in Sources */,
				A4B5BA022428DA0F002147CA /* CardCell.swift in Sources */,
				A4B5B9EA2428CF37002147CA /* AppDelegate.swift in Sources */,
				A4B5B9EC2428CF37002147CA /* SceneDelegate.swift in Sources */,
				A4B5BA042428DA27002147CA /* BaseCell.swift in Sources */,
				D79D1520242CA46600C5E1C1 /* FearExperienceModel.swift in Sources */,
				D77137C5242B713D00071698 /* WarningView.swift in Sources */,
				D7589419242B4F3600166F3B /* Constant.swift in Sources */,
				D7142EA2242E255B00DE61F4 /* Extension.swift in Sources */,
				A4B5B9FE2428D07F002147CA /* WarningController.swift in Sources */,
				A45CF14E242CD3EA0053956F /* VideoExperienceView.swift in Sources */,
				A4B5BA002428D403002147CA /* MainController.swift in Sources */,
				D7589415242B4DE300166F3B /* BaseView.swift in Sources */,
				D77137BD242B5F8400071698 /* Utils.swift in Sources */,
				A45CF14C242CD3490053956F /* VideoPlayerView.swift in Sources */,
			);
			runOnlyForDeploymentPostprocessing = 0;
		};
		D79D1523242CACE800C5E1C1 /* Sources */ = {
			isa = PBXSourcesBuildPhase;
			buildActionMask = 2147483647;
			files = (
				D79D152A242CACE800C5E1C1 /* AmygdalaTests.swift in Sources */,
			);
			runOnlyForDeploymentPostprocessing = 0;
		};
/* End PBXSourcesBuildPhase section */

/* Begin PBXTargetDependency section */
		D79D152D242CACE800C5E1C1 /* PBXTargetDependency */ = {
			isa = PBXTargetDependency;
			target = A4B5B9E52428CF37002147CA /* FearExperience */;
			targetProxy = D79D152C242CACE800C5E1C1 /* PBXContainerItemProxy */;
		};
/* End PBXTargetDependency section */

/* Begin PBXVariantGroup section */
		A4B5B9F42428CF39002147CA /* LaunchScreen.storyboard */ = {
			isa = PBXVariantGroup;
			children = (
				A4B5B9F52428CF39002147CA /* Base */,
			);
			name = LaunchScreen.storyboard;
			sourceTree = "<group>";
		};
/* End PBXVariantGroup section */

/* Begin XCBuildConfiguration section */
		A4B5B9F82428CF39002147CA /* Debug */ = {
			isa = XCBuildConfiguration;
			buildSettings = {
				ALWAYS_SEARCH_USER_PATHS = NO;
				CLANG_ANALYZER_NONNULL = YES;
				CLANG_ANALYZER_NUMBER_OBJECT_CONVERSION = YES_AGGRESSIVE;
				CLANG_CXX_LANGUAGE_STANDARD = "gnu++14";
				CLANG_CXX_LIBRARY = "libc++";
				CLANG_ENABLE_MODULES = YES;
				CLANG_ENABLE_OBJC_ARC = YES;
				CLANG_ENABLE_OBJC_WEAK = YES;
				CLANG_WARN_BLOCK_CAPTURE_AUTORELEASING = YES;
				CLANG_WARN_BOOL_CONVERSION = YES;
				CLANG_WARN_COMMA = YES;
				CLANG_WARN_CONSTANT_CONVERSION = YES;
				CLANG_WARN_DEPRECATED_OBJC_IMPLEMENTATIONS = YES;
				CLANG_WARN_DIRECT_OBJC_ISA_USAGE = YES_ERROR;
				CLANG_WARN_DOCUMENTATION_COMMENTS = YES;
				CLANG_WARN_EMPTY_BODY = YES;
				CLANG_WARN_ENUM_CONVERSION = YES;
				CLANG_WARN_INFINITE_RECURSION = YES;
				CLANG_WARN_INT_CONVERSION = YES;
				CLANG_WARN_NON_LITERAL_NULL_CONVERSION = YES;
				CLANG_WARN_OBJC_IMPLICIT_RETAIN_SELF = YES;
				CLANG_WARN_OBJC_LITERAL_CONVERSION = YES;
				CLANG_WARN_OBJC_ROOT_CLASS = YES_ERROR;
				CLANG_WARN_RANGE_LOOP_ANALYSIS = YES;
				CLANG_WARN_STRICT_PROTOTYPES = YES;
				CLANG_WARN_SUSPICIOUS_MOVE = YES;
				CLANG_WARN_UNGUARDED_AVAILABILITY = YES_AGGRESSIVE;
				CLANG_WARN_UNREACHABLE_CODE = YES;
				CLANG_WARN__DUPLICATE_METHOD_MATCH = YES;
				COPY_PHASE_STRIP = NO;
				DEBUG_INFORMATION_FORMAT = dwarf;
				ENABLE_STRICT_OBJC_MSGSEND = YES;
				ENABLE_TESTABILITY = YES;
				GCC_C_LANGUAGE_STANDARD = gnu11;
				GCC_DYNAMIC_NO_PIC = NO;
				GCC_NO_COMMON_BLOCKS = YES;
				GCC_OPTIMIZATION_LEVEL = 0;
				GCC_PREPROCESSOR_DEFINITIONS = (
					"DEBUG=1",
					"$(inherited)",
				);
				GCC_WARN_64_TO_32_BIT_CONVERSION = YES;
				GCC_WARN_ABOUT_RETURN_TYPE = YES_ERROR;
				GCC_WARN_UNDECLARED_SELECTOR = YES;
				GCC_WARN_UNINITIALIZED_AUTOS = YES_AGGRESSIVE;
				GCC_WARN_UNUSED_FUNCTION = YES;
				GCC_WARN_UNUSED_VARIABLE = YES;
				IPHONEOS_DEPLOYMENT_TARGET = 13.2;
				MTL_ENABLE_DEBUG_INFO = INCLUDE_SOURCE;
				MTL_FAST_MATH = YES;
				ONLY_ACTIVE_ARCH = YES;
				SDKROOT = iphoneos;
				SWIFT_ACTIVE_COMPILATION_CONDITIONS = DEBUG;
				SWIFT_OPTIMIZATION_LEVEL = "-Onone";
			};
			name = Debug;
		};
		A4B5B9F92428CF39002147CA /* Release */ = {
			isa = XCBuildConfiguration;
			buildSettings = {
				ALWAYS_SEARCH_USER_PATHS = NO;
				CLANG_ANALYZER_NONNULL = YES;
				CLANG_ANALYZER_NUMBER_OBJECT_CONVERSION = YES_AGGRESSIVE;
				CLANG_CXX_LANGUAGE_STANDARD = "gnu++14";
				CLANG_CXX_LIBRARY = "libc++";
				CLANG_ENABLE_MODULES = YES;
				CLANG_ENABLE_OBJC_ARC = YES;
				CLANG_ENABLE_OBJC_WEAK = YES;
				CLANG_WARN_BLOCK_CAPTURE_AUTORELEASING = YES;
				CLANG_WARN_BOOL_CONVERSION = YES;
				CLANG_WARN_COMMA = YES;
				CLANG_WARN_CONSTANT_CONVERSION = YES;
				CLANG_WARN_DEPRECATED_OBJC_IMPLEMENTATIONS = YES;
				CLANG_WARN_DIRECT_OBJC_ISA_USAGE = YES_ERROR;
				CLANG_WARN_DOCUMENTATION_COMMENTS = YES;
				CLANG_WARN_EMPTY_BODY = YES;
				CLANG_WARN_ENUM_CONVERSION = YES;
				CLANG_WARN_INFINITE_RECURSION = YES;
				CLANG_WARN_INT_CONVERSION = YES;
				CLANG_WARN_NON_LITERAL_NULL_CONVERSION = YES;
				CLANG_WARN_OBJC_IMPLICIT_RETAIN_SELF = YES;
				CLANG_WARN_OBJC_LITERAL_CONVERSION = YES;
				CLANG_WARN_OBJC_ROOT_CLASS = YES_ERROR;
				CLANG_WARN_RANGE_LOOP_ANALYSIS = YES;
				CLANG_WARN_STRICT_PROTOTYPES = YES;
				CLANG_WARN_SUSPICIOUS_MOVE = YES;
				CLANG_WARN_UNGUARDED_AVAILABILITY = YES_AGGRESSIVE;
				CLANG_WARN_UNREACHABLE_CODE = YES;
				CLANG_WARN__DUPLICATE_METHOD_MATCH = YES;
				COPY_PHASE_STRIP = NO;
				DEBUG_INFORMATION_FORMAT = "dwarf-with-dsym";
				ENABLE_NS_ASSERTIONS = NO;
				ENABLE_STRICT_OBJC_MSGSEND = YES;
				GCC_C_LANGUAGE_STANDARD = gnu11;
				GCC_NO_COMMON_BLOCKS = YES;
				GCC_WARN_64_TO_32_BIT_CONVERSION = YES;
				GCC_WARN_ABOUT_RETURN_TYPE = YES_ERROR;
				GCC_WARN_UNDECLARED_SELECTOR = YES;
				GCC_WARN_UNINITIALIZED_AUTOS = YES_AGGRESSIVE;
				GCC_WARN_UNUSED_FUNCTION = YES;
				GCC_WARN_UNUSED_VARIABLE = YES;
				IPHONEOS_DEPLOYMENT_TARGET = 13.2;
				MTL_ENABLE_DEBUG_INFO = NO;
				MTL_FAST_MATH = YES;
				SDKROOT = iphoneos;
				SWIFT_COMPILATION_MODE = wholemodule;
				SWIFT_OPTIMIZATION_LEVEL = "-O";
				VALIDATE_PRODUCT = YES;
			};
			name = Release;
		};
		A4B5B9FB2428CF39002147CA /* Debug */ = {
			isa = XCBuildConfiguration;
			buildSettings = {
				ASSETCATALOG_COMPILER_APPICON_NAME = AppIcon;
				CODE_SIGN_STYLE = Automatic;
				INFOPLIST_FILE = FearExperience/Info.plist;
				LD_RUNPATH_SEARCH_PATHS = (
					"$(inherited)",
					"@executable_path/Frameworks",
				);
				MARKETING_VERSION = 0.0.1;
				PRODUCT_BUNDLE_IDENTIFIER = fear.experience.FearExperience;
				PRODUCT_NAME = Amygdala;
				SWIFT_VERSION = 5.0;
				TARGETED_DEVICE_FAMILY = 1;
			};
			name = Debug;
		};
		A4B5B9FC2428CF39002147CA /* Release */ = {
			isa = XCBuildConfiguration;
			buildSettings = {
				ASSETCATALOG_COMPILER_APPICON_NAME = AppIcon;
				CODE_SIGN_STYLE = Automatic;
				INFOPLIST_FILE = FearExperience/Info.plist;
				LD_RUNPATH_SEARCH_PATHS = (
					"$(inherited)",
					"@executable_path/Frameworks",
				);
				MARKETING_VERSION = 0.0.1;
				PRODUCT_BUNDLE_IDENTIFIER = fear.experience.FearExperience;
				PRODUCT_NAME = Amygdala;
				SWIFT_VERSION = 5.0;
				TARGETED_DEVICE_FAMILY = 1;
			};
			name = Release;
		};
		D79D152F242CACE800C5E1C1 /* Debug */ = {
			isa = XCBuildConfiguration;
			buildSettings = {
				BUNDLE_LOADER = "$(TEST_HOST)";
				CODE_SIGN_STYLE = Automatic;
				DEVELOPMENT_TEAM = 9Y224ZS8GH;
				INFOPLIST_FILE = AmygdalaTests/Info.plist;
				LD_RUNPATH_SEARCH_PATHS = (
					"$(inherited)",
					"@executable_path/Frameworks",
					"@loader_path/Frameworks",
				);
				PRODUCT_BUNDLE_IDENTIFIER = com.ajisaputrars.AmygdalaTests;
				PRODUCT_NAME = "$(TARGET_NAME)";
				SWIFT_VERSION = 5.0;
				TARGETED_DEVICE_FAMILY = "1,2";
				TEST_HOST = "$(BUILT_PRODUCTS_DIR)/Amygdala.app/Amygdala";
			};
			name = Debug;
		};
		D79D1530242CACE800C5E1C1 /* Release */ = {
			isa = XCBuildConfiguration;
			buildSettings = {
				BUNDLE_LOADER = "$(TEST_HOST)";
				CODE_SIGN_STYLE = Automatic;
				DEVELOPMENT_TEAM = 9Y224ZS8GH;
				INFOPLIST_FILE = AmygdalaTests/Info.plist;
				LD_RUNPATH_SEARCH_PATHS = (
					"$(inherited)",
					"@executable_path/Frameworks",
					"@loader_path/Frameworks",
				);
				PRODUCT_BUNDLE_IDENTIFIER = com.ajisaputrars.AmygdalaTests;
				PRODUCT_NAME = "$(TARGET_NAME)";
				SWIFT_VERSION = 5.0;
				TARGETED_DEVICE_FAMILY = "1,2";
				TEST_HOST = "$(BUILT_PRODUCTS_DIR)/Amygdala.app/Amygdala";
			};
			name = Release;
		};
/* End XCBuildConfiguration section */

/* Begin XCConfigurationList section */
		A4B5B9E12428CF37002147CA /* Build configuration list for PBXProject "FearExperience" */ = {
			isa = XCConfigurationList;
			buildConfigurations = (
				A4B5B9F82428CF39002147CA /* Debug */,
				A4B5B9F92428CF39002147CA /* Release */,
			);
			defaultConfigurationIsVisible = 0;
			defaultConfigurationName = Release;
		};
		A4B5B9FA2428CF39002147CA /* Build configuration list for PBXNativeTarget "FearExperience" */ = {
			isa = XCConfigurationList;
			buildConfigurations = (
				A4B5B9FB2428CF39002147CA /* Debug */,
				A4B5B9FC2428CF39002147CA /* Release */,
			);
			defaultConfigurationIsVisible = 0;
			defaultConfigurationName = Release;
		};
		D79D152E242CACE800C5E1C1 /* Build configuration list for PBXNativeTarget "AmygdalaTests" */ = {
			isa = XCConfigurationList;
			buildConfigurations = (
				D79D152F242CACE800C5E1C1 /* Debug */,
				D79D1530242CACE800C5E1C1 /* Release */,
			);
			defaultConfigurationIsVisible = 0;
			defaultConfigurationName = Release;
		};
/* End XCConfigurationList section */
	};
	rootObject = A4B5B9DE2428CF37002147CA /* Project object */;
}
